
Microsoft Visual Studio Solution File, Format Version 12.00
# Visual Studio 15
VisualStudioVersion = 15.0.27703.2026
MinimumVisualStudioVersion = 10.0.40219.1
Project("{FAE04EC0-301F-11D3-BF4B-00C04F79EFBC}") = "Summoner", "Summoner\Summoner.csproj", "{F059D0D5-F4DA-4A92-8C04-E2BEC9300D8B}"
EndProject
Global
	GlobalSection(SolutionConfigurationPlatforms) = preSolution
		Debug|Any CPU = Debug|Any CPU
		Release|Any CPU = Release|Any CPU
	EndGlobalSection
	GlobalSection(ProjectConfigurationPlatforms) = postSolution
		{F059D0D5-F4DA-4A92-8C04-E2BEC9300D8B}.Debug|Any CPU.ActiveCfg = Debug|Any CPU
		{F059D0D5-F4DA-4A92-8C04-E2BEC9300D8B}.Debug|Any CPU.Build.0 = Debug|Any CPU
		{F059D0D5-F4DA-4A92-8C04-E2BEC9300D8B}.Release|Any CPU.ActiveCfg = Release|Any CPU
		{F059D0D5-F4DA-4A92-8C04-E2BEC9300D8B}.Release|Any CPU.Build.0 = Release|Any CPU
	EndGlobalSection
	GlobalSection(SolutionProperties) = preSolution
		HideSolutionNode = FALSE
	EndGlobalSection
	GlobalSection(ExtensibilityGlobals) = postSolution
		SolutionGuid = {604E0928-C4F4-499A-B1E6-4AF238F7AA1D}
	EndGlobalSection
EndGlobal
